
Microsoft Visual Studio Solution File, Format Version 12.00
# Visual Studio Version 17
VisualStudioVersion = 17.3.32922.545
MinimumVisualStudioVersion = 10.0.40219.1
Project("{FAE04EC0-301F-11D3-BF4B-00C04F79EFBC}") = "App1", "App1.csproj", "{599C95D7-09C6-4C43-9577-88E11146D480}"
EndProject
Project("{FAE04EC0-301F-11D3-BF4B-00C04F79EFBC}") = "App2", "..\App2\App2.csproj", "{06348642-01A4-49B6-8B08-29B8B4EADE92}"
EndProject
Global
	GlobalSection(SolutionConfigurationPlatforms) = preSolution
		Debug|Any CPU = Debug|Any CPU
		Release|Any CPU = Release|Any CPU
	EndGlobalSection
	GlobalSection(ProjectConfigurationPlatforms) = postSolution
		{599C95D7-09C6-4C43-9577-88E11146D480}.Debug|Any CPU.ActiveCfg = Debug|Any CPU
		{599C95D7-09C6-4C43-9577-88E11146D480}.Debug|Any CPU.Build.0 = Debug|Any CPU
		{599C95D7-09C6-4C43-9577-88E11146D480}.Release|Any CPU.ActiveCfg = Release|Any CPU
		{599C95D7-09C6-4C43-9577-88E11146D480}.Release|Any CPU.Build.0 = Release|Any CPU
		{06348642-01A4-49B6-8B08-29B8B4EADE92}.Debug|Any CPU.ActiveCfg = Debug|Any CPU
		{06348642-01A4-49B6-8B08-29B8B4EADE92}.Debug|Any CPU.Build.0 = Debug|Any CPU
		{06348642-01A4-49B6-8B08-29B8B4EADE92}.Release|Any CPU.ActiveCfg = Release|Any CPU
		{06348642-01A4-49B6-8B08-29B8B4EADE92}.Release|Any CPU.Build.0 = Release|Any CPU
	EndGlobalSection
	GlobalSection(SolutionProperties) = preSolution
		HideSolutionNode = FALSE
	EndGlobalSection
	GlobalSection(ExtensibilityGlobals) = postSolution
		SolutionGuid = {4AA54D03-DDCC-4848-B9BE-7161BE10162A}
	EndGlobalSection
EndGlobal
